hash: 9e32eaf9b87ee46c485125a0d9f5823dbb75e56e7c531d1e2b297126785328e5
updated: 2016-09-09T05:23:31.110520355+03:00
imports:
- name: github.com/chuckpreslar/gofer
  version: a2b42d8f5abd604f382df8c9444a48b4afc6ce0e
- name: github.com/DavidHuie/gomigrate
  version: 4004e6142040f5d622e9d2be6e833a4652741571
- name: github.com/fzakaria/goav
  version: 16d20369874dd012ec6707dccb16f36a2efcbc17
  subpackages:
  - avformat
- name: github.com/go-errors/errors
  version: a41850380601eeb43f4350f7d17c6bbd8944aaf8
- name: github.com/gorilla/context
  version: 08b5f424b9271eedf6f9f0ce86cb9396ed337a42
- name: github.com/gorilla/mux
  version: 0a192a193177452756c362c20087ddafcf6829c4
- name: github.com/gorilla/schema
  version: 0164a00ab4cd01d814d8cd5bf63fd9fcea30e23b
- name: github.com/inconshreveable/mousetrap
  version: 76626ae9c91c4f2a10f34cad8ce83ea42c93bb75
- name: github.com/jinzhu/gorm
  version: 02f6ae3c4ed211472b0492cee02ff3ddfdc1830d
- name: github.com/jinzhu/inflection
  version: 74387dc39a75e970e7a3ae6a3386b5bd2e5c5cff
- name: github.com/joho/godotenv
  version: 4ed13390c0acd2ff4e371e64d8b97c8954138243
- name: github.com/kylelemons/go-gypsy
  version: 08cad365cd28a7fba23bb1e57aa43c5e18ad8bb8
  subpackages:
  - yaml
- name: github.com/lib/pq
  version: 50761b0867bd1d9d069276790bcd4a3bccf2324a
  subpackages:
  - oid
- name: github.com/palantir/stacktrace
  version: 5a74c62b11cfd8b2cb9374c785dd965d9a2b4e53
  subpackages:
  - cleanpath
- name: github.com/smartystreets/goconvey
  version: d4c757aa9afd1e2fc1832aaab209b5794eb336e1
  subpackages:
  - convey
  - convey/gotest
  - convey/reporting
- name: github.com/spf13/cobra
  version: 9c28e4bbd74e5c3ed7aacbc552b2cab7cfdfe744
- name: github.com/spf13/pflag
  version: 6fd2ff4ff8dfcdf5556fbdc0ac0284408274b1a7
- name: github.com/sthorne/reflections
  version: 381162e6b62f31bdcc9981afaf1e24104a593be9
- name: github.com/unrolled/render
  version: 3f4913244021dede105b62caecfb01f0c1eebeda
- name: github.com/urfave/cli
  version: c723b19a84af34d905773672ffa1b8ead802e505
- name: github.com/urfave/negroni
  version: 5d815f907a182b6131cc88af3f17f898b93142a5
testImports:
- name: github.com/gopherjs/gopherjs
  version: 05b9d708f1c9b4cbe71da718f3ce23665031021a
  subpackages:
  - js
- name: github.com/jtolds/gls
  version: 8ddce2a84170772b95dd5d576c48d517b22cac63
- name: github.com/onsi/ginkgo
  version: 7b6efc7d7b052568b49ac02d3141c9d7a5a494a4
  subpackages:
  - config
  - internal/codelocation
  - internal/containernode
  - internal/failer
  - internal/leafnodes
  - internal/remote
  - internal/spec
  - internal/specrunner
  - internal/suite
  - internal/testingtproxy
  - internal/writer
  - reporters
  - reporters/stenographer
  - types
- name: github.com/onsi/gomega
  version: b48c9a8b2644326d0a44eaaacc8d83e35174a05d
  subpackages:
  - format
  - internal/assertion
  - internal/asyncassertion
  - internal/oraclematcher
  - internal/testingtsupport
  - matchers
  - matchers/support/goraph/bipartitegraph
  - matchers/support/goraph/edge
  - matchers/support/goraph/node
  - matchers/support/goraph/util
  - types
- name: github.com/smartystreets/assertions
  version: 2063fd1cc7c975db70502811a34b06ad034ccdf2
  subpackages:
  - internal/go-render/render
  - internal/oglematchers
- name: golang.org/x/sys
  version: 30de6d19a3bd89a5f38ae4028e23aaa5582648af
  subpackages:
  - unix
- name: gopkg.in/yaml.v2
  version: e4d366fc3c7938e2958e662b4258c7a89e1f0e3e
